
Microsoft Visual Studio Solution File, Format Version 12.00
# Visual Studio Version 16
VisualStudioVersion = 16.0.31702.278
MinimumVisualStudioVersion = 10.0.40219.1
Project("{FAE04EC0-301F-11D3-BF4B-00C04F79EFBC}") = "Array", "Array\Array.csproj", "{A957B0AE-2ABA-4216-AB1F-459089E39B59}"
EndProject
Global
	GlobalSection(SolutionConfigurationPlatforms) = preSolution
		Debug|Any CPU = Debug|Any CPU
		Release|Any CPU = Release|Any CPU
	EndGlobalSection
	GlobalSection(ProjectConfigurationPlatforms) = postSolution
		{A957B0AE-2ABA-4216-AB1F-459089E39B59}.Debug|Any CPU.ActiveCfg = Debug|Any CPU
		{A957B0AE-2ABA-4216-AB1F-459089E39B59}.Debug|Any CPU.Build.0 = Debug|Any CPU
		{A957B0AE-2ABA-4216-AB1F-459089E39B59}.Release|Any CPU.ActiveCfg = Release|Any CPU
		{A957B0AE-2ABA-4216-AB1F-459089E39B59}.Release|Any CPU.Build.0 = Release|Any CPU
	EndGlobalSection
	GlobalSection(SolutionProperties) = preSolution
		HideSolutionNode = FALSE
	EndGlobalSection
	GlobalSection(ExtensibilityGlobals) = postSolution
		SolutionGuid = {A045AA29-C29E-41A2-86A6-E6C693D4C074}
	EndGlobalSection
EndGlobal
