
Microsoft Visual Studio Solution File, Format Version 12.00
# Visual Studio Version 16
VisualStudioVersion = 16.0.31702.278
MinimumVisualStudioVersion = 10.0.40219.1
Project("{FAE04EC0-301F-11D3-BF4B-00C04F79EFBC}") = "RegistrationForm", "RegistrationForm\RegistrationForm.csproj", "{B0A52BCA-B41F-4020-A22A-A185A8B95ED8}"
EndProject
Global
	GlobalSection(SolutionConfigurationPlatforms) = preSolution
		Debug|Any CPU = Debug|Any CPU
		Release|Any CPU = Release|Any CPU
	EndGlobalSection
	GlobalSection(ProjectConfigurationPlatforms) = postSolution
		{B0A52BCA-B41F-4020-A22A-A185A8B95ED8}.Debug|Any CPU.ActiveCfg = Debug|Any CPU
		{B0A52BCA-B41F-4020-A22A-A185A8B95ED8}.Debug|Any CPU.Build.0 = Debug|Any CPU
		{B0A52BCA-B41F-4020-A22A-A185A8B95ED8}.Release|Any CPU.ActiveCfg = Release|Any CPU
		{B0A52BCA-B41F-4020-A22A-A185A8B95ED8}.Release|Any CPU.Build.0 = Release|Any CPU
	EndGlobalSection
	GlobalSection(SolutionProperties) = preSolution
		HideSolutionNode = FALSE
	EndGlobalSection
	GlobalSection(ExtensibilityGlobals) = postSolution
		SolutionGuid = {518182C0-4912-4F2F-9F2F-C48865FC2C65}
	EndGlobalSection
EndGlobal
